# THIS IS AN AUTOGENERATED FILE. DO NOT EDIT THIS FILE DIRECTLY.
# yarn lockfile v1


"@ant-design/css-animation@^1.7.2":
  version "1.7.3"
  resolved "https://registry.yarnpkg.com/@ant-design/css-animation/-/css-animation-1.7.3.tgz#60a1c970014e86b28f940510d69e503e428f1136"
  integrity sha512-LrX0OGZtW+W6iLnTAqnTaoIsRelYeuLZWsrmBJFUXDALQphPsN8cE5DCsmoSlL0QYb94BQxINiuS70Ar/8BNgA==

"@babel/runtime@^7.10.1":
  version "7.11.0"
  resolved "https://registry.yarnpkg.com/@babel/runtime/-/runtime-7.11.0.tgz#f10245877042a815e07f7e693faff0ae9d3a2aac"
  integrity sha512-qArkXsjJq7H+T86WrIFV0Fnu/tNOkZ4cgXmjkzAu3b/58D5mFIO8JH/y77t7C9q0OdDRdh9s7Ue5GasYssxtXw==
  dependencies:
    regenerator-runtime "^0.13.4"

classnames@2.x, classnames@^2.2.5, classnames@^2.2.6:
  version "2.2.6"
  resolved "https://registry.yarnpkg.com/classnames/-/classnames-2.2.6.tgz#43935bffdd291f326dad0a205309b38d00f650ce"
  integrity sha512-JR/iSQOSt+LQIWwrwEzJ9uk0xfN3mTVYMwt1Ir5mUcSN6pU+V4zQFFaJsclJbPuAUQH+yfWef6tm7l1quW3C8Q==

dom-align@^1.7.0:
  version "1.12.0"
  resolved "https://registry.yarnpkg.com/dom-align/-/dom-align-1.12.0.tgz#56fb7156df0b91099830364d2d48f88963f5a29c"
  integrity sha512-YkoezQuhp3SLFGdOlr5xkqZ640iXrnHAwVYcDg8ZKRUtO7mSzSC2BA5V0VuyAwPSJA4CLIc6EDDJh4bEsD2+zA==

performance-now@^2.1.0:
  version "2.1.0"
  resolved "https://registry.yarnpkg.com/performance-now/-/performance-now-2.1.0.tgz#6309f4e0e5fa913ec1c69307ae364b4b377c9e7b"
  integrity sha1-Ywn04OX6kT7BxpMHrjZLSzd8nns=

raf@^3.4.0, raf@^3.4.1:
  version "3.4.1"
  resolved "https://registry.yarnpkg.com/raf/-/raf-3.4.1.tgz#0742e99a4a6552f445d73e3ee0328af0ff1ede39"
  integrity sha512-Sq4CW4QhwOHE8ucn6J34MqtZCeWFP2aQSmrlroYgqAV1PjStIhJXxYuTgUIfkEk7zTLjmIjLmU5q+fbD1NnOJA==
  dependencies:
    performance-now "^2.1.0"

rc-align@^4.0.0:
  version "4.0.1"
  resolved "https://registry.yarnpkg.com/rc-align/-/rc-align-4.0.1.tgz#0566de141a82d9a1923b7672c70bdb19dcde6e23"
  integrity sha512-RQ5Fhxl0LW+zsxbY8dxAcpXdaHkHH2jzRSSpvBTS7G9LMK3T+WRcn4ovjg/eqAESM6TdTx0hfqWF2S1pO75jxQ==
  dependencies:
    "@babel/runtime" "^7.10.1"
    classnames "2.x"
    dom-align "^1.7.0"
    rc-util "^5.0.1"
    resize-observer-polyfill "^1.5.1"

rc-animate@^3.0.0:
  version "3.1.0"
  resolved "https://registry.yarnpkg.com/rc-animate/-/rc-animate-3.1.0.tgz#051b689c2c7194e4c8ae016d32a0e5f9de6c8baa"
  integrity sha512-8FsM+3B1H+0AyTyGggY6JyVldHTs1CyYT8CfTmG/nGHHXlecvSLeICJhcKgRLjUiQlctNnRtB1rwz79cvBVmrw==
  dependencies:
    "@ant-design/css-animation" "^1.7.2"
    classnames "^2.2.6"
    raf "^3.4.0"
    rc-util "^5.0.1"

rc-slider@^9.3.1:
  version "9.3.1"
  resolved "https://registry.yarnpkg.com/rc-slider/-/rc-slider-9.3.1.tgz#444012f3b4847d592b167a9cee6a1a46779a6ef4"
  integrity sha512-c52PWPyrfJWh28K6dixAm0906L3/4MUIxqrNQA4TLnC/Z+cBNycWJUZoJerpwSOE1HdM3XDwixCsmtFc/7aWlQ==
  dependencies:
    "@babel/runtime" "^7.10.1"
    classnames "^2.2.5"
    rc-tooltip "^4.0.0"
    rc-util "^5.0.0"
    shallowequal "^1.1.0"

rc-tooltip@^4.0.0:
  version "4.2.1"
  resolved "https://registry.yarnpkg.com/rc-tooltip/-/rc-tooltip-4.2.1.tgz#c1a2d5017ee03a771a9301c0dfdb46dfdf8fef94"
  integrity sha512-oykuaGsHg7RFvPUaxUpxo7ScEqtH61C66x4JUmjlFlSS8gSx2L8JFtfwM1D68SLBxUqGqJObtxj4TED75gQTiA==
  dependencies:
    rc-trigger "^4.2.1"

rc-trigger@^4.2.1:
  version "4.3.4"
  resolved "https://registry.yarnpkg.com/rc-trigger/-/rc-trigger-4.3.4.tgz#095cf7dddf2643a65621df4b1612d167af506c31"
  integrity sha512-GaRqwJ99RA9qpN3crTndOIfQZG+dgs+l2i4bgB7tl1MBTaNbmJyopi+gyoaHwg2/C6mpvQ2XNrzADEyYEkxqlA==
  dependencies:
    "@babel/runtime" "^7.10.1"
    classnames "^2.2.6"
    raf "^3.4.1"
    rc-align "^4.0.0"
    rc-animate "^3.0.0"
    rc-util "^5.0.1"

rc-util@^5.0.0, rc-util@^5.0.1:
  version "5.0.6"
  resolved "https://registry.yarnpkg.com/rc-util/-/rc-util-5.0.6.tgz#2b828bc87a818a66384b813f76a561ad4609e9b0"
  integrity sha512-uLGxF9WjbpJSjd6iDnIjl8ZeMUglpcuh1DwO26aaXh++yAmlB6eIAJMUwwJCuqJvo4quCvsDPg1VkqHILc4U0A==
  dependencies:
    react-is "^16.12.0"
    shallowequal "^1.1.0"

react-is@^16.12.0:
  version "16.13.1"
  resolved "https://registry.yarnpkg.com/react-is/-/react-is-16.13.1.tgz#789729a4dc36de2999dc156dd6c1d9c18cea56a4"
  integrity sha512-24e6ynE2H+OKt4kqsOvNd8kBpV65zoxbA4BVsEOB3ARVWQki/DHzaUoC5KuON/BiccDaCCTZBuOcfZs70kR8bQ==

regenerator-runtime@^0.13.4:
  version "0.13.7"
  resolved "https://registry.yarnpkg.com/regenerator-runtime/-/regenerator-runtime-0.13.7.tgz#cac2dacc8a1ea675feaabaeb8ae833898ae46f55"
  integrity sha512-a54FxoJDIr27pgf7IgeQGxmqUNYrcV338lf/6gH456HZ/PhX+5BcwHXG9ajESmwe6WRO0tAzRUrRmNONWgkrew==

resize-observer-polyfill@^1.5.1:
  version "1.5.1"
  resolved "https://registry.yarnpkg.com/resize-observer-polyfill/-/resize-observer-polyfill-1.5.1.tgz#0e9020dd3d21024458d4ebd27e23e40269810464"
  integrity sha512-LwZrotdHOo12nQuZlHEmtuXdqGoOD0OhaxopaNFxWzInpEgaLWoVuAMbTzixuosCx2nEG58ngzW3vxdWoxIgdg==

shallowequal@^1.1.0:
  version "1.1.0"
  resolved "https://registry.yarnpkg.com/shallowequal/-/shallowequal-1.1.0.tgz#188d521de95b9087404fd4dcb68b13df0ae4e7f8"
  integrity sha512-y0m1JoUZSlPAjXVtPPW70aZWfIL/dSP7AFkRnniLCrK/8MDKog3TySTBmckD+RObVxH0v4Tox67+F14PdED2oQ==
